// !$*UTF8*$!
{
	archiveVersion = 1;
	classes = {
	};
	objectVersion = 56;
	objects = {

/* Begin PBXBuildFile section */
		F29D12C829BC585C009AA23B /* HuskyChatApp.swift in Sources */ = {isa = PBXBuildFile; fileRef = F29D12C729BC585C009AA23B /* HuskyChatApp.swift */; };
		F29D12CC29BC585D009AA23B /* Assets.xcassets in Resources */ = {isa = PBXBuildFile; fileRef = F29D12CB29BC585D009AA23B /* Assets.xcassets */; };
		F29D12CF29BC585D009AA23B /* Preview Assets.xcassets in Resources */ = {isa = PBXBuildFile; fileRef = F29D12CE29BC585D009AA23B /* Preview Assets.xcassets */; };
		F2DCB93329C96C80003D2DDC /* LocalStorage in Frameworks */ = {isa = PBXBuildFile; productRef = F2DCB93229C96C80003D2DDC /* LocalStorage */; };
		F2DCB93529C96C80003D2DDC /* Message in Frameworks */ = {isa = PBXBuildFile; productRef = F2DCB93429C96C80003D2DDC /* Message */; };
		F2DCB93729C96C80003D2DDC /* Prelude in Frameworks */ = {isa = PBXBuildFile; productRef = F2DCB93629C96C80003D2DDC /* Prelude */; };
		F2DCB93929C96C80003D2DDC /* RecoveryChatFeature in Frameworks */ = {isa = PBXBuildFile; productRef = F2DCB93829C96C80003D2DDC /* RecoveryChatFeature */; };
		F2DCB93B29C96C80003D2DDC /* SettingFeature in Frameworks */ = {isa = PBXBuildFile; productRef = F2DCB93A29C96C80003D2DDC /* SettingFeature */; };
		F2DCB93D29C971FB003D2DDC /* AudioRecoderTools in Frameworks */ = {isa = PBXBuildFile; productRef = F2DCB93C29C971FB003D2DDC /* AudioRecoderTools */; };
		F2DCB93F29C971FB003D2DDC /* ChatGPTAPIClient in Frameworks */ = {isa = PBXBuildFile; productRef = F2DCB93E29C971FB003D2DDC /* ChatGPTAPIClient */; };
		F2DCB94129C971FB003D2DDC /* SpeechFeature in Frameworks */ = {isa = PBXBuildFile; productRef = F2DCB94029C971FB003D2DDC /* SpeechFeature */; };
		F2DCB94329C97949003D2DDC /* FeatureBuilderImpl.swift in Sources */ = {isa = PBXBuildFile; fileRef = F2DCB94229C97949003D2DDC /* FeatureBuilderImpl.swift */; };
		F2DCB94529C9799D003D2DDC /* FeatureBuilder in Frameworks */ = {isa = PBXBuildFile; productRef = F2DCB94429C9799D003D2DDC /* FeatureBuilder */; };
		F2DCB94729C9799D003D2DDC /* RecoveryChatFeatureBuilder in Frameworks */ = {isa = PBXBuildFile; productRef = F2DCB94629C9799D003D2DDC /* RecoveryChatFeatureBuilder */; };
/* End PBXBuildFile section */

/* Begin PBXFileReference section */
		F265895129C96327005C39AF /* HuskyChatPackages */ = {isa = PBXFileReference; lastKnownFileType = wrapper; path = HuskyChatPackages; sourceTree = "<group>"; };
		F29D12C429BC585C009AA23B /* HuskyChat.app */ = {isa = PBXFileReference; explicitFileType = wrapper.application; includeInIndex = 0; path = HuskyChat.app; sourceTree = BUILT_PRODUCTS_DIR; };
		F29D12C729BC585C009AA23B /* HuskyChatApp.swift */ = {isa = PBXFileReference; lastKnownFileType = sourcecode.swift; path = HuskyChatApp.swift; sourceTree = "<group>"; };
		F29D12CB29BC585D009AA23B /* Assets.xcassets */ = {isa = PBXFileReference; lastKnownFileType = folder.assetcatalog; path = Assets.xcassets; sourceTree = "<group>"; };
		F29D12CE29BC585D009AA23B /* Preview Assets.xcassets */ = {isa = PBXFileReference; lastKnownFileType = folder.assetcatalog; path = "Preview Assets.xcassets"; sourceTree = "<group>"; };
		F29D12D029BC585D009AA23B /* HuskyChat.entitlements */ = {isa = PBXFileReference; lastKnownFileType = text.plist.entitlements; path = HuskyChat.entitlements; sourceTree = "<group>"; };
		F29D12E029BCB619009AA23B /* Info.plist */ = {isa = PBXFileReference; lastKnownFileType = text.plist; path = Info.plist; sourceTree = "<group>"; };
		F2DCB94229C97949003D2DDC /* FeatureBuilderImpl.swift */ = {isa = PBXFileReference; lastKnownFileType = sourcecode.swift; path = FeatureBuilderImpl.swift; sourceTree = "<group>"; };
/* End PBXFileReference section */

/* Begin PBXFrameworksBuildPhase section */
		F29D12C129BC585C009AA23B /* Frameworks */ = {
			isa = PBXFrameworksBuildPhase;
			buildActionMask = 2147483647;
			files = (
				F2DCB93729C96C80003D2DDC /* Prelude in Frameworks */,
				F2DCB94129C971FB003D2DDC /* SpeechFeature in Frameworks */,
				F2DCB93529C96C80003D2DDC /* Message in Frameworks */,
				F2DCB93D29C971FB003D2DDC /* AudioRecoderTools in Frameworks */,
				F2DCB94529C9799D003D2DDC /* FeatureBuilder in Frameworks */,
				F2DCB93929C96C80003D2DDC /* RecoveryChatFeature in Frameworks */,
				F2DCB93329C96C80003D2DDC /* LocalStorage in Frameworks */,
				F2DCB93B29C96C80003D2DDC /* SettingFeature in Frameworks */,
				F2DCB94729C9799D003D2DDC /* RecoveryChatFeatureBuilder in Frameworks */,
				F2DCB93F29C971FB003D2DDC /* ChatGPTAPIClient in Frameworks */,
			);
			runOnlyForDeploymentPostprocessing = 0;
		};
/* End PBXFrameworksBuildPhase section */

/* Begin PBXGroup section */
		F29D12BB29BC585C009AA23B = {
			isa = PBXGroup;
			children = (
				F2C32F4F29C96180004B6C35 /* Packages */,
				F29D12C629BC585C009AA23B /* HuskyChat */,
				F29D12C529BC585C009AA23B /* Products */,
				F2DCB93129C96C80003D2DDC /* Frameworks */,
			);
			sourceTree = "<group>";
		};
		F29D12C529BC585C009AA23B /* Products */ = {
			isa = PBXGroup;
			children = (
				F29D12C429BC585C009AA23B /* HuskyChat.app */,
			);
			name = Products;
			sourceTree = "<group>";
		};
		F29D12C629BC585C009AA23B /* HuskyChat */ = {
			isa = PBXGroup;
			children = (
				F29D12E029BCB619009AA23B /* Info.plist */,
				F29D12C729BC585C009AA23B /* HuskyChatApp.swift */,
				F29D12CB29BC585D009AA23B /* Assets.xcassets */,
				F29D12D029BC585D009AA23B /* HuskyChat.entitlements */,
				F29D12CD29BC585D009AA23B /* Preview Content */,
				F2DCB94229C97949003D2DDC /* FeatureBuilderImpl.swift */,
			);
			path = HuskyChat;
			sourceTree = "<group>";
		};
		F29D12CD29BC585D009AA23B /* Preview Content */ = {
			isa = PBXGroup;
			children = (
				F29D12CE29BC585D009AA23B /* Preview Assets.xcassets */,
			);
			path = "Preview Content";
			sourceTree = "<group>";
		};
		F2C32F4F29C96180004B6C35 /* Packages */ = {
			isa = PBXGroup;
			children = (
				F265895129C96327005C39AF /* HuskyChatPackages */,
			);
			name = Packages;
			sourceTree = "<group>";
		};
		F2DCB93129C96C80003D2DDC /* Frameworks */ = {
			isa = PBXGroup;
			children = (
			);
			name = Frameworks;
			sourceTree = "<group>";
		};
/* End PBXGroup section */

/* Begin PBXNativeTarget section */
		F29D12C329BC585C009AA23B /* HuskyChat */ = {
			isa = PBXNativeTarget;
			buildConfigurationList = F29D12D329BC585D009AA23B /* Build configuration list for PBXNativeTarget "HuskyChat" */;
			buildPhases = (
				F29D12C029BC585C009AA23B /* Sources */,
				F29D12C129BC585C009AA23B /* Frameworks */,
				F29D12C229BC585C009AA23B /* Resources */,
			);
			buildRules = (
			);
			dependencies = (
			);
			name = HuskyChat;
			packageProductDependencies = (
				F2DCB93229C96C80003D2DDC /* LocalStorage */,
				F2DCB93429C96C80003D2DDC /* Message */,
				F2DCB93629C96C80003D2DDC /* Prelude */,
				F2DCB93829C96C80003D2DDC /* RecoveryChatFeature */,
				F2DCB93A29C96C80003D2DDC /* SettingFeature */,
				F2DCB93C29C971FB003D2DDC /* AudioRecoderTools */,
				F2DCB93E29C971FB003D2DDC /* ChatGPTAPIClient */,
				F2DCB94029C971FB003D2DDC /* SpeechFeature */,
				F2DCB94429C9799D003D2DDC /* FeatureBuilder */,
				F2DCB94629C9799D003D2DDC /* RecoveryChatFeatureBuilder */,
			);
			productName = VoiceToText;
			productReference = F29D12C429BC585C009AA23B /* HuskyChat.app */;
			productType = "com.apple.product-type.application";
		};
/* End PBXNativeTarget section */

/* Begin PBXProject section */
		F29D12BC29BC585C009AA23B /* Project object */ = {
			isa = PBXProject;
			attributes = {
				BuildIndependentTargetsInParallel = 1;
				LastSwiftUpdateCheck = 1420;
				LastUpgradeCheck = 1420;
				TargetAttributes = {
					F29D12C329BC585C009AA23B = {
						CreatedOnToolsVersion = 14.2;
					};
				};
			};
			buildConfigurationList = F29D12BF29BC585C009AA23B /* Build configuration list for PBXProject "HuskyChat" */;
			compatibilityVersion = "Xcode 14.0";
			developmentRegion = en;
			hasScannedForEncodings = 0;
			knownRegions = (
				en,
				Base,
			);
			mainGroup = F29D12BB29BC585C009AA23B;
			productRefGroup = F29D12C529BC585C009AA23B /* Products */;
			projectDirPath = "";
			projectRoot = "";
			targets = (
				F29D12C329BC585C009AA23B /* HuskyChat */,
			);
		};
/* End PBXProject section */

/* Begin PBXResourcesBuildPhase section */
		F29D12C229BC585C009AA23B /* Resources */ = {
			isa = PBXResourcesBuildPhase;
			buildActionMask = 2147483647;
			files = (
				F29D12CF29BC585D009AA23B /* Preview Assets.xcassets in Resources */,
				F29D12CC29BC585D009AA23B /* Assets.xcassets in Resources */,
			);
			runOnlyForDeploymentPostprocessing = 0;
		};
/* End PBXResourcesBuildPhase section */

/* Begin PBXSourcesBuildPhase section */
		F29D12C029BC585C009AA23B /* Sources */ = {
			isa = PBXSourcesBuildPhase;
			buildActionMask = 2147483647;
			files = (
				F2DCB94329C97949003D2DDC /* FeatureBuilderImpl.swift in Sources */,
				F29D12C829BC585C009AA23B /* HuskyChatApp.swift in Sources */,
			);
			runOnlyForDeploymentPostprocessing = 0;
		};
/* End PBXSourcesBuildPhase section */

/* Begin XCBuildConfiguration section */
		F29D12D129BC585D009AA23B /* Debug */ = {
			isa = XCBuildConfiguration;
			buildSettings = {
				ALWAYS_SEARCH_USER_PATHS = NO;
				CLANG_ANALYZER_NONNULL = YES;
				CLANG_ANALYZER_NUMBER_OBJECT_CONVERSION = YES_AGGRESSIVE;
				CLANG_CXX_LANGUAGE_STANDARD = "gnu++20";
				CLANG_ENABLE_MODULES = YES;
				CLANG_ENABLE_OBJC_ARC = YES;
				CLANG_ENABLE_OBJC_WEAK = YES;
				CLANG_WARN_BLOCK_CAPTURE_AUTORELEASING = YES;
				CLANG_WARN_BOOL_CONVERSION = YES;
				CLANG_WARN_COMMA = YES;
				CLANG_WARN_CONSTANT_CONVERSION = YES;
				CLANG_WARN_DEPRECATED_OBJC_IMPLEMENTATIONS = YES;
				CLANG_WARN_DIRECT_OBJC_ISA_USAGE = YES_ERROR;
				CLANG_WARN_DOCUMENTATION_COMMENTS = YES;
				CLANG_WARN_EMPTY_BODY = YES;
				CLANG_WARN_ENUM_CONVERSION = YES;
				CLANG_WARN_INFINITE_RECURSION = YES;
				CLANG_WARN_INT_CONVERSION = YES;
				CLANG_WARN_NON_LITERAL_NULL_CONVERSION = YES;
				CLANG_WARN_OBJC_IMPLICIT_RETAIN_SELF = YES;
				CLANG_WARN_OBJC_LITERAL_CONVERSION = YES;
				CLANG_WARN_OBJC_ROOT_CLASS = YES_ERROR;
				CLANG_WARN_QUOTED_INCLUDE_IN_FRAMEWORK_HEADER = YES;
				CLANG_WARN_RANGE_LOOP_ANALYSIS = YES;
				CLANG_WARN_STRICT_PROTOTYPES = YES;
				CLANG_WARN_SUSPICIOUS_MOVE = YES;
				CLANG_WARN_UNGUARDED_AVAILABILITY = YES_AGGRESSIVE;
				CLANG_WARN_UNREACHABLE_CODE = YES;
				CLANG_WARN__DUPLICATE_METHOD_MATCH = YES;
				COPY_PHASE_STRIP = NO;
				DEBUG_INFORMATION_FORMAT = dwarf;
				ENABLE_STRICT_OBJC_MSGSEND = YES;
				ENABLE_TESTABILITY = YES;
				GCC_C_LANGUAGE_STANDARD = gnu11;
				GCC_DYNAMIC_NO_PIC = NO;
				GCC_NO_COMMON_BLOCKS = YES;
				GCC_OPTIMIZATION_LEVEL = 0;
				GCC_PREPROCESSOR_DEFINITIONS = (
					"DEBUG=1",
					"$(inherited)",
				);
				GCC_WARN_64_TO_32_BIT_CONVERSION = YES;
				GCC_WARN_ABOUT_RETURN_TYPE = YES_ERROR;
				GCC_WARN_UNDECLARED_SELECTOR = YES;
				GCC_WARN_UNINITIALIZED_AUTOS = YES_AGGRESSIVE;
				GCC_WARN_UNUSED_FUNCTION = YES;
				GCC_WARN_UNUSED_VARIABLE = YES;
				MACOSX_DEPLOYMENT_TARGET = 13.1;
				MTL_ENABLE_DEBUG_INFO = INCLUDE_SOURCE;
				MTL_FAST_MATH = YES;
				ONLY_ACTIVE_ARCH = YES;
				SDKROOT = macosx;
				SWIFT_ACTIVE_COMPILATION_CONDITIONS = DEBUG;
				SWIFT_OPTIMIZATION_LEVEL = "-Onone";
			};
			name = Debug;
		};
		F29D12D229BC585D009AA23B /* Release */ = {
			isa = XCBuildConfiguration;
			buildSettings = {
				ALWAYS_SEARCH_USER_PATHS = NO;
				CLANG_ANALYZER_NONNULL = YES;
				CLANG_ANALYZER_NUMBER_OBJECT_CONVERSION = YES_AGGRESSIVE;
				CLANG_CXX_LANGUAGE_STANDARD = "gnu++20";
				CLANG_ENABLE_MODULES = YES;
				CLANG_ENABLE_OBJC_ARC = YES;
				CLANG_ENABLE_OBJC_WEAK = YES;
				CLANG_WARN_BLOCK_CAPTURE_AUTORELEASING = YES;
				CLANG_WARN_BOOL_CONVERSION = YES;
				CLANG_WARN_COMMA = YES;
				CLANG_WARN_CONSTANT_CONVERSION = YES;
				CLANG_WARN_DEPRECATED_OBJC_IMPLEMENTATIONS = YES;
				CLANG_WARN_DIRECT_OBJC_ISA_USAGE = YES_ERROR;
				CLANG_WARN_DOCUMENTATION_COMMENTS = YES;
				CLANG_WARN_EMPTY_BODY = YES;
				CLANG_WARN_ENUM_CONVERSION = YES;
				CLANG_WARN_INFINITE_RECURSION = YES;
				CLANG_WARN_INT_CONVERSION = YES;
				CLANG_WARN_NON_LITERAL_NULL_CONVERSION = YES;
				CLANG_WARN_OBJC_IMPLICIT_RETAIN_SELF = YES;
				CLANG_WARN_OBJC_LITERAL_CONVERSION = YES;
				CLANG_WARN_OBJC_ROOT_CLASS = YES_ERROR;
				CLANG_WARN_QUOTED_INCLUDE_IN_FRAMEWORK_HEADER = YES;
				CLANG_WARN_RANGE_LOOP_ANALYSIS = YES;
				CLANG_WARN_STRICT_PROTOTYPES = YES;
				CLANG_WARN_SUSPICIOUS_MOVE = YES;
				CLANG_WARN_UNGUARDED_AVAILABILITY = YES_AGGRESSIVE;
				CLANG_WARN_UNREACHABLE_CODE = YES;
				CLANG_WARN__DUPLICATE_METHOD_MATCH = YES;
				COPY_PHASE_STRIP = NO;
				DEBUG_INFORMATION_FORMAT = "dwarf-with-dsym";
				ENABLE_NS_ASSERTIONS = NO;
				ENABLE_STRICT_OBJC_MSGSEND = YES;
				GCC_C_LANGUAGE_STANDARD = gnu11;
				GCC_NO_COMMON_BLOCKS = YES;
				GCC_WARN_64_TO_32_BIT_CONVERSION = YES;
				GCC_WARN_ABOUT_RETURN_TYPE = YES_ERROR;
				GCC_WARN_UNDECLARED_SELECTOR = YES;
				GCC_WARN_UNINITIALIZED_AUTOS = YES_AGGRESSIVE;
				GCC_WARN_UNUSED_FUNCTION = YES;
				GCC_WARN_UNUSED_VARIABLE = YES;
				MACOSX_DEPLOYMENT_TARGET = 13.1;
				MTL_ENABLE_DEBUG_INFO = NO;
				MTL_FAST_MATH = YES;
				SDKROOT = macosx;
				SWIFT_COMPILATION_MODE = wholemodule;
				SWIFT_OPTIMIZATION_LEVEL = "-O";
			};
			name = Release;
		};
		F29D12D429BC585D009AA23B /* Debug */ = {
			isa = XCBuildConfiguration;
			buildSettings = {
				ASSETCATALOG_COMPILER_APPICON_NAME = AppIcon;
				ASSETCATALOG_COMPILER_GLOBAL_ACCENT_COLOR_NAME = AccentColor;
				CODE_SIGN_ENTITLEMENTS = HuskyChat/HuskyChat.entitlements;
				CODE_SIGN_STYLE = Automatic;
				COMBINE_HIDPI_IMAGES = YES;
				CURRENT_PROJECT_VERSION = 10;
				DEVELOPMENT_ASSET_PATHS = "\"HuskyChat/Preview Content\"";
				DEVELOPMENT_TEAM = X25KZ54NYC;
				ENABLE_HARDENED_RUNTIME = YES;
				ENABLE_PREVIEWS = YES;
				GENERATE_INFOPLIST_FILE = YES;
				INFOPLIST_FILE = HuskyChat/Info.plist;
				INFOPLIST_KEY_CFBundleDisplayName = ChatGPTConversation;
				INFOPLIST_KEY_LSApplicationCategoryType = "public.app-category.education";
				INFOPLIST_KEY_NSHumanReadableCopyright = yochidros;
				INFOPLIST_KEY_NSMicrophoneUsageDescription = "To record your voice, please allow microphone permission";
				INFOPLIST_KEY_NSSpeechRecognitionUsageDescription = "To be able to speech Recoginition, please allow permisson";
				INFOPLIST_KEY_UISupportedInterfaceOrientations = UIInterfaceOrientationPortrait;
				LD_RUNPATH_SEARCH_PATHS = (
					"$(inherited)",
					"@executable_path/../Frameworks",
				);
				MARKETING_VERSION = 1.0.0;
				PRODUCT_BUNDLE_IDENTIFIER = com.yochidros.ChatGPTConversation;
				PRODUCT_NAME = "$(TARGET_NAME)";
				SUPPORTED_PLATFORMS = "iphoneos iphonesimulator macosx";
				SUPPORTS_MACCATALYST = NO;
				SUPPORTS_MAC_DESIGNED_FOR_IPHONE_IPAD = NO;
				SWIFT_EMIT_LOC_STRINGS = YES;
				SWIFT_VERSION = 5.0;
				TARGETED_DEVICE_FAMILY = 1;
			};
			name = Debug;
		};
		F29D12D529BC585D009AA23B /* Release */ = {
			isa = XCBuildConfiguration;
			buildSettings = {
				ASSETCATALOG_COMPILER_APPICON_NAME = AppIcon;
				ASSETCATALOG_COMPILER_GLOBAL_ACCENT_COLOR_NAME = AccentColor;
				CODE_SIGN_ENTITLEMENTS = HuskyChat/HuskyChat.entitlements;
				CODE_SIGN_STYLE = Automatic;
				COMBINE_HIDPI_IMAGES = YES;
				CURRENT_PROJECT_VERSION = 10;
				DEVELOPMENT_ASSET_PATHS = "\"HuskyChat/Preview Content\"";
				DEVELOPMENT_TEAM = X25KZ54NYC;
				ENABLE_HARDENED_RUNTIME = YES;
				ENABLE_PREVIEWS = YES;
				GENERATE_INFOPLIST_FILE = YES;
				INFOPLIST_FILE = HuskyChat/Info.plist;
				INFOPLIST_KEY_CFBundleDisplayName = ChatGPTConversation;
				INFOPLIST_KEY_LSApplicationCategoryType = "public.app-category.education";
				INFOPLIST_KEY_NSHumanReadableCopyright = yochidros;
				INFOPLIST_KEY_NSMicrophoneUsageDescription = "To record your voice, please allow microphone permission";
				INFOPLIST_KEY_NSSpeechRecognitionUsageDescription = "To be able to speech Recoginition, please allow permisson";
				INFOPLIST_KEY_UISupportedInterfaceOrientations = UIInterfaceOrientationPortrait;
				LD_RUNPATH_SEARCH_PATHS = (
					"$(inherited)",
					"@executable_path/../Frameworks",
				);
				MARKETING_VERSION = 1.0.0;
				PRODUCT_BUNDLE_IDENTIFIER = com.yochidros.ChatGPTConversation;
				PRODUCT_NAME = "$(TARGET_NAME)";
				SUPPORTED_PLATFORMS = "iphoneos iphonesimulator macosx";
				SUPPORTS_MACCATALYST = NO;
				SUPPORTS_MAC_DESIGNED_FOR_IPHONE_IPAD = NO;
				SWIFT_EMIT_LOC_STRINGS = YES;
				SWIFT_VERSION = 5.0;
				TARGETED_DEVICE_FAMILY = 1;
			};
			name = Release;
		};
/* End XCBuildConfiguration section */

/* Begin XCConfigurationList section */
		F29D12BF29BC585C009AA23B /* Build configuration list for PBXProject "HuskyChat" */ = {
			isa = XCConfigurationList;
			buildConfigurations = (
				F29D12D129BC585D009AA23B /* Debug */,
				F29D12D229BC585D009AA23B /* Release */,
			);
			defaultConfigurationIsVisible = 0;
			defaultConfigurationName = Release;
		};
		F29D12D329BC585D009AA23B /* Build configuration list for PBXNativeTarget "HuskyChat" */ = {
			isa = XCConfigurationList;
			buildConfigurations = (
				F29D12D429BC585D009AA23B /* Debug */,
				F29D12D529BC585D009AA23B /* Release */,
			);
			defaultConfigurationIsVisible = 0;
			defaultConfigurationName = Release;
		};
/* End XCConfigurationList section */

/* Begin XCSwiftPackageProductDependency section */
		F2DCB93229C96C80003D2DDC /* LocalStorage */ = {
			isa = XCSwiftPackageProductDependency;
			productName = LocalStorage;
		};
		F2DCB93429C96C80003D2DDC /* Message */ = {
			isa = XCSwiftPackageProductDependency;
			productName = Message;
		};
		F2DCB93629C96C80003D2DDC /* Prelude */ = {
			isa = XCSwiftPackageProductDependency;
			productName = Prelude;
		};
		F2DCB93829C96C80003D2DDC /* RecoveryChatFeature */ = {
			isa = XCSwiftPackageProductDependency;
			productName = RecoveryChatFeature;
		};
		F2DCB93A29C96C80003D2DDC /* SettingFeature */ = {
			isa = XCSwiftPackageProductDependency;
			productName = SettingFeature;
		};
		F2DCB93C29C971FB003D2DDC /* AudioRecoderTools */ = {
			isa = XCSwiftPackageProductDependency;
			productName = AudioRecoderTools;
		};
		F2DCB93E29C971FB003D2DDC /* ChatGPTAPIClient */ = {
			isa = XCSwiftPackageProductDependency;
			productName = ChatGPTAPIClient;
		};
		F2DCB94029C971FB003D2DDC /* SpeechFeature */ = {
			isa = XCSwiftPackageProductDependency;
			productName = SpeechFeature;
		};
		F2DCB94429C9799D003D2DDC /* FeatureBuilder */ = {
			isa = XCSwiftPackageProductDependency;
			productName = FeatureBuilder;
		};
		F2DCB94629C9799D003D2DDC /* RecoveryChatFeatureBuilder */ = {
			isa = XCSwiftPackageProductDependency;
			productName = RecoveryChatFeatureBuilder;
		};
/* End XCSwiftPackageProductDependency section */
	};
	rootObject = F29D12BC29BC585C009AA23B /* Project object */;
}
